// !$*UTF8*$!
{
	archiveVersion = 1;
	classes = {
	};
	objectVersion = 46;
	objects = {

/* Begin PBXBuildFile section */
		608C2A821A306BBF0091A507 /* AppDelegate.swift in Sources */ = {isa = PBXBuildFile; fileRef = 608C2A811A306BBF0091A507 /* AppDelegate.swift */; };
		608C2A841A306BBF0091A507 /* ViewController.swift in Sources */ = {isa = PBXBuildFile; fileRef = 608C2A831A306BBF0091A507 /* ViewController.swift */; };
		608C2A871A306BC00091A507 /* Main.storyboard in Resources */ = {isa = PBXBuildFile; fileRef = 608C2A851A306BC00091A507 /* Main.storyboard */; };
		608C2A891A306BC00091A507 /* Images.xcassets in Resources */ = {isa = PBXBuildFile; fileRef = 608C2A881A306BC00091A507 /* Images.xcassets */; };
		608C2A8C1A306BC00091A507 /* LaunchScreen.xib in Resources */ = {isa = PBXBuildFile; fileRef = 608C2A8A1A306BC00091A507 /* LaunchScreen.xib */; };
		608C2A981A306BC00091A507 /* ShoeConverterTests.swift in Sources */ = {isa = PBXBuildFile; fileRef = 608C2A971A306BC00091A507 /* ShoeConverterTests.swift */; };
/* End PBXBuildFile section */

/* Begin PBXContainerItemProxy section */
		608C2A921A306BC00091A507 /* PBXContainerItemProxy */ = {
			isa = PBXContainerItemProxy;
			containerPortal = 608C2A741A306BBF0091A507 /* Project object */;
			proxyType = 1;
			remoteGlobalIDString = 608C2A7B1A306BBF0091A507;
			remoteInfo = ShoeConverter;
		};
/* End PBXContainerItemProxy section */

/* Begin PBXFileReference section */
		608C2A7C1A306BBF0091A507 /* ShoeConverter.app */ = {isa = PBXFileReference; explicitFileType = wrapper.application; includeInIndex = 0; path = ShoeConverter.app; sourceTree = BUILT_PRODUCTS_DIR; };
		608C2A801A306BBF0091A507 /* Info.plist */ = {isa = PBXFileReference; lastKnownFileType = text.plist.xml; path = Info.plist; sourceTree = "<group>"; };
		608C2A811A306BBF0091A507 /* AppDelegate.swift */ = {isa = PBXFileReference; lastKnownFileType = sourcecode.swift; path = AppDelegate.swift; sourceTree = "<group>"; };
		608C2A831A306BBF0091A507 /* ViewController.swift */ = {isa = PBXFileReference; lastKnownFileType = sourcecode.swift; path = ViewController.swift; sourceTree = "<group>"; };
		608C2A861A306BC00091A507 /* Base */ = {isa = PBXFileReference; lastKnownFileType = file.storyboard; name = Base; path = Base.lproj/Main.storyboard; sourceTree = "<group>"; };
		608C2A881A306BC00091A507 /* Images.xcassets */ = {isa = PBXFileReference; lastKnownFileType = folder.assetcatalog; path = Images.xcassets; sourceTree = "<group>"; };
		608C2A8B1A306BC00091A507 /* Base */ = {isa = PBXFileReference; lastKnownFileType = file.xib; name = Base; path = Base.lproj/LaunchScreen.xib; sourceTree = "<group>"; };
		608C2A911A306BC00091A507 /* ShoeConverterTests.xctest */ = {isa = PBXFileReference; explicitFileType = wrapper.cfbundle; includeInIndex = 0; path = ShoeConverterTests.xctest; sourceTree = BUILT_PRODUCTS_DIR; };
		608C2A961A306BC00091A507 /* Info.plist */ = {isa = PBXFileReference; lastKnownFileType = text.plist.xml; path = Info.plist; sourceTree = "<group>"; };
		608C2A971A306BC00091A507 /* ShoeConverterTests.swift */ = {isa = PBXFileReference; lastKnownFileType = sourcecode.swift; path = ShoeConverterTests.swift; sourceTree = "<group>"; };
/* End PBXFileReference section */

/* Begin PBXFrameworksBuildPhase section */
		608C2A791A306BBF0091A507 /* Frameworks */ = {
			isa = PBXFrameworksBuildPhase;
			buildActionMask = 2147483647;
			files = (
			);
			runOnlyForDeploymentPostprocessing = 0;
		};
		608C2A8E1A306BC00091A507 /* Frameworks */ = {
			isa = PBXFrameworksBuildPhase;
			buildActionMask = 2147483647;
			files = (
			);
			runOnlyForDeploymentPostprocessing = 0;
		};
/* End PBXFrameworksBuildPhase section */

/* Begin PBXGroup section */
		608C2A731A306BBF0091A507 = {
			isa = PBXGroup;
			children = (
				608C2A7E1A306BBF0091A507 /* ShoeConverter */,
				608C2A941A306BC00091A507 /* ShoeConverterTests */,
				608C2A7D1A306BBF0091A507 /* Products */,
			);
			sourceTree = "<group>";
		};
		608C2A7D1A306BBF0091A507 /* Products */ = {
			isa = PBXGroup;
			children = (
				608C2A7C1A306BBF0091A507 /* ShoeConverter.app */,
				608C2A911A306BC00091A507 /* ShoeConverterTests.xctest */,
			);
			name = Products;
			sourceTree = "<group>";
		};
		608C2A7E1A306BBF0091A507 /* ShoeConverter */ = {
			isa = PBXGroup;
			children = (
				608C2A811A306BBF0091A507 /* AppDelegate.swift */,
				608C2A831A306BBF0091A507 /* ViewController.swift */,
				608C2A851A306BC00091A507 /* Main.storyboard */,
				608C2A881A306BC00091A507 /* Images.xcassets */,
				608C2A8A1A306BC00091A507 /* LaunchScreen.xib */,
				608C2A7F1A306BBF0091A507 /* Supporting Files */,
			);
			path = ShoeConverter;
			sourceTree = "<group>";
		};
		608C2A7F1A306BBF0091A507 /* Supporting Files */ = {
			isa = PBXGroup;
			children = (
				608C2A801A306BBF0091A507 /* Info.plist */,
			);
			name = "Supporting Files";
			sourceTree = "<group>";
		};
		608C2A941A306BC00091A507 /* ShoeConverterTests */ = {
			isa = PBXGroup;
			children = (
				608C2A971A306BC00091A507 /* ShoeConverterTests.swift */,
				608C2A951A306BC00091A507 /* Supporting Files */,
			);
			path = ShoeConverterTests;
			sourceTree = "<group>";
		};
		608C2A951A306BC00091A507 /* Supporting Files */ = {
			isa = PBXGroup;
			children = (
				608C2A961A306BC00091A507 /* Info.plist */,
			);
			name = "Supporting Files";
			sourceTree = "<group>";
		};
/* End PBXGroup section */

/* Begin PBXNativeTarget section */
		608C2A7B1A306BBF0091A507 /* ShoeConverter */ = {
			isa = PBXNativeTarget;
			buildConfigurationList = 608C2A9B1A306BC00091A507 /* Build configuration list for PBXNativeTarget "ShoeConverter" */;
			buildPhases = (
				608C2A781A306BBF0091A507 /* Sources */,
				608C2A791A306BBF0091A507 /* Frameworks */,
				608C2A7A1A306BBF0091A507 /* Resources */,
			);
			buildRules = (
			);
			dependencies = (
			);
			name = ShoeConverter;
			productName = ShoeConverter;
			productReference = 608C2A7C1A306BBF0091A507 /* ShoeConverter.app */;
			productType = "com.apple.product-type.application";
		};
		608C2A901A306BC00091A507 /* ShoeConverterTests */ = {
			isa = PBXNativeTarget;
			buildConfigurationList = 608C2A9E1A306BC00091A507 /* Build configuration list for PBXNativeTarget "ShoeConverterTests" */;
			buildPhases = (
				608C2A8D1A306BC00091A507 /* Sources */,
				608C2A8E1A306BC00091A507 /* Frameworks */,
				608C2A8F1A306BC00091A507 /* Resources */,
			);
			buildRules = (
			);
			dependencies = (
				608C2A931A306BC00091A507 /* PBXTargetDependency */,
			);
			name = ShoeConverterTests;
			productName = ShoeConverterTests;
			productReference = 608C2A911A306BC00091A507 /* ShoeConverterTests.xctest */;
			productType = "com.apple.product-type.bundle.unit-test";
		};
/* End PBXNativeTarget section */

/* Begin PBXProject section */
		608C2A741A306BBF0091A507 /* Project object */ = {
			isa = PBXProject;
			attributes = {
				LastUpgradeCheck = 0610;
				ORGANIZATIONNAME = kunhsiang;
				TargetAttributes = {
					608C2A7B1A306BBF0091A507 = {
						CreatedOnToolsVersion = 6.1.1;
					};
					608C2A901A306BC00091A507 = {
						CreatedOnToolsVersion = 6.1.1;
						TestTargetID = 608C2A7B1A306BBF0091A507;
					};
				};
			};
			buildConfigurationList = 608C2A771A306BBF0091A507 /* Build configuration list for PBXProject "ShoeConverter" */;
			compatibilityVersion = "Xcode 3.2";
			developmentRegion = English;
			hasScannedForEncodings = 0;
			knownRegions = (
				en,
				Base,
			);
			mainGroup = 608C2A731A306BBF0091A507;
			productRefGroup = 608C2A7D1A306BBF0091A507 /* Products */;
			projectDirPath = "";
			projectRoot = "";
			targets = (
				608C2A7B1A306BBF0091A507 /* ShoeConverter */,
				608C2A901A306BC00091A507 /* ShoeConverterTests */,
			);
		};
/* End PBXProject section */

/* Begin PBXResourcesBuildPhase section */
		608C2A7A1A306BBF0091A507 /* Resources */ = {
			isa = PBXResourcesBuildPhase;
			buildActionMask = 2147483647;
			files = (
				608C2A871A306BC00091A507 /* Main.storyboard in Resources */,
				608C2A8C1A306BC00091A507 /* LaunchScreen.xib in Resources */,
				608C2A891A306BC00091A507 /* Images.xcassets in Resources */,
			);
			runOnlyForDeploymentPostprocessing = 0;
		};
		608C2A8F1A306BC00091A507 /* Resources */ = {
			isa = PBXResourcesBuildPhase;
			buildActionMask = 2147483647;
			files = (
			);
			runOnlyForDeploymentPostprocessing = 0;
		};
/* End PBXResourcesBuildPhase section */

/* Begin PBXSourcesBuildPhase section */
		608C2A781A306BBF0091A507 /* Sources */ = {
			isa = PBXSourcesBuildPhase;
			buildActionMask = 2147483647;
			files = (
				608C2A841A306BBF0091A507 /* ViewController.swift in Sources */,
				608C2A821A306BBF0091A507 /* AppDelegate.swift in Sources */,
			);
			runOnlyForDeploymentPostprocessing = 0;
		};
		608C2A8D1A306BC00091A507 /* Sources */ = {
			isa = PBXSourcesBuildPhase;
			buildActionMask = 2147483647;
			files = (
				608C2A981A306BC00091A507 /* ShoeConverterTests.swift in Sources */,
			);
			runOnlyForDeploymentPostprocessing = 0;
		};
/* End PBXSourcesBuildPhase section */

/* Begin PBXTargetDependency section */
		608C2A931A306BC00091A507 /* PBXTargetDependency */ = {
			isa = PBXTargetDependency;
			target = 608C2A7B1A306BBF0091A507 /* ShoeConverter */;
			targetProxy = 608C2A921A306BC00091A507 /* PBXContainerItemProxy */;
		};
/* End PBXTargetDependency section */

/* Begin PBXVariantGroup section */
		608C2A851A306BC00091A507 /* Main.storyboard */ = {
			isa = PBXVariantGroup;
			children = (
				608C2A861A306BC00091A507 /* Base */,
			);
			name = Main.storyboard;
			sourceTree = "<group>";
		};
		608C2A8A1A306BC00091A507 /* LaunchScreen.xib */ = {
			isa = PBXVariantGroup;
			children = (
				608C2A8B1A306BC00091A507 /* Base */,
			);
			name = LaunchScreen.xib;
			sourceTree = "<group>";
		};
/* End PBXVariantGroup section */

/* Begin XCBuildConfiguration section */
		608C2A991A306BC00091A507 /* Debug */ = {
			isa = XCBuildConfiguration;
			buildSettings = {
				ALWAYS_SEARCH_USER_PATHS = NO;
				CLANG_CXX_LANGUAGE_STANDARD = "gnu++0x";
				CLANG_CXX_LIBRARY = "libc++";
				CLANG_ENABLE_MODULES = YES;
				CLANG_ENABLE_OBJC_ARC = YES;
				CLANG_WARN_BOOL_CONVERSION = YES;
				CLANG_WARN_CONSTANT_CONVERSION = YES;
				CLANG_WARN_DIRECT_OBJC_ISA_USAGE = YES_ERROR;
				CLANG_WARN_EMPTY_BODY = YES;
				CLANG_WARN_ENUM_CONVERSION = YES;
				CLANG_WARN_INT_CONVERSION = YES;
				CLANG_WARN_OBJC_ROOT_CLASS = YES_ERROR;
				CLANG_WARN_UNREACHABLE_CODE = YES;
				CLANG_WARN__DUPLICATE_METHOD_MATCH = YES;
				"CODE_SIGN_IDENTITY[sdk=iphoneos*]" = "iPhone Developer";
				COPY_PHASE_STRIP = NO;
				ENABLE_STRICT_OBJC_MSGSEND = YES;
				GCC_C_LANGUAGE_STANDARD = gnu99;
				GCC_DYNAMIC_NO_PIC = NO;
				GCC_OPTIMIZATION_LEVEL = 0;
				GCC_PREPROCESSOR_DEFINITIONS = (
					"DEBUG=1",
					"$(inherited)",
				);
				GCC_SYMBOLS_PRIVATE_EXTERN = NO;
				GCC_WARN_64_TO_32_BIT_CONVERSION = YES;
				GCC_WARN_ABOUT_RETURN_TYPE = YES_ERROR;
				GCC_WARN_UNDECLARED_SELECTOR = YES;
				GCC_WARN_UNINITIALIZED_AUTOS = YES_AGGRESSIVE;
				GCC_WARN_UNUSED_FUNCTION = YES;
				GCC_WARN_UNUSED_VARIABLE = YES;
				IPHONEOS_DEPLOYMENT_TARGET = 8.1;
				MTL_ENABLE_DEBUG_INFO = YES;
				ONLY_ACTIVE_ARCH = YES;
				SDKROOT = iphoneos;
				SWIFT_OPTIMIZATION_LEVEL = "-Onone";
				TARGETED_DEVICE_FAMILY = "1,2";
			};
			name = Debug;
		};
		608C2A9A1A306BC00091A507 /* Release */ = {
			isa = XCBuildConfiguration;
			buildSettings = {
				ALWAYS_SEARCH_USER_PATHS = NO;
				CLANG_CXX_LANGUAGE_STANDARD = "gnu++0x";
				CLANG_CXX_LIBRARY = "libc++";
				CLANG_ENABLE_MODULES = YES;
				CLANG_ENABLE_OBJC_ARC = YES;
				CLANG_WARN_BOOL_CONVERSION = YES;
				CLANG_WARN_CONSTANT_CONVERSION = YES;
				CLANG_WARN_DIRECT_OBJC_ISA_USAGE = YES_ERROR;
				CLANG_WARN_EMPTY_BODY = YES;
				CLANG_WARN_ENUM_CONVERSION = YES;
				CLANG_WARN_INT_CONVERSION = YES;
				CLANG_WARN_OBJC_ROOT_CLASS = YES_ERROR;
				CLANG_WARN_UNREACHABLE_CODE = YES;
				CLANG_WARN__DUPLICATE_METHOD_MATCH = YES;
				"CODE_SIGN_IDENTITY[sdk=iphoneos*]" = "iPhone Developer";
				COPY_PHASE_STRIP = YES;
				ENABLE_NS_ASSERTIONS = NO;
				ENABLE_STRICT_OBJC_MSGSEND = YES;
				GCC_C_LANGUAGE_STANDARD = gnu99;
				GCC_WARN_64_TO_32_BIT_CONVERSION = YES;
				GCC_WARN_ABOUT_RETURN_TYPE = YES_ERROR;
				GCC_WARN_UNDECLARED_SELECTOR = YES;
				GCC_WARN_UNINITIALIZED_AUTOS = YES_AGGRESSIVE;
				GCC_WARN_UNUSED_FUNCTION = YES;
				GCC_WARN_UNUSED_VARIABLE = YES;
				IPHONEOS_DEPLOYMENT_TARGET = 8.1;
				MTL_ENABLE_DEBUG_INFO = NO;
				SDKROOT = iphoneos;
				TARGETED_DEVICE_FAMILY = "1,2";
				VALIDATE_PRODUCT = YES;
			};
			name = Release;
		};
		608C2A9C1A306BC00091A507 /* Debug */ = {
			isa = XCBuildConfiguration;
			buildSettings = {
				ASSETCATALOG_COMPILER_APPICON_NAME = AppIcon;
				INFOPLIST_FILE = ShoeConverter/Info.plist;
				LD_RUNPATH_SEARCH_PATHS = "$(inherited) @executable_path/Frameworks";
				PRODUCT_NAME = "$(TARGET_NAME)";
			};
			name = Debug;
		};
		608C2A9D1A306BC00091A507 /* Release */ = {
			isa = XCBuildConfiguration;
			buildSettings = {
				ASSETCATALOG_COMPILER_APPICON_NAME = AppIcon;
				INFOPLIST_FILE = ShoeConverter/Info.plist;
				LD_RUNPATH_SEARCH_PATHS = "$(inherited) @executable_path/Frameworks";
				PRODUCT_NAME = "$(TARGET_NAME)";
			};
			name = Release;
		};
		608C2A9F1A306BC00091A507 /* Debug */ = {
			isa = XCBuildConfiguration;
			buildSettings = {
				BUNDLE_LOADER = "$(TEST_HOST)";
				FRAMEWORK_SEARCH_PATHS = (
					"$(SDKROOT)/Developer/Library/Frameworks",
					"$(inherited)",
				);
				GCC_PREPROCESSOR_DEFINITIONS = (
					"DEBUG=1",
					"$(inherited)",
				);
				INFOPLIST_FILE = ShoeConverterTests/Info.plist;
				LD_RUNPATH_SEARCH_PATHS = "$(inherited) @executable_path/Frameworks @loader_path/Frameworks";
				PRODUCT_NAME = "$(TARGET_NAME)";
				TEST_HOST = "$(BUILT_PRODUCTS_DIR)/ShoeConverter.app/ShoeConverter";
			};
			name = Debug;
		};
		608C2AA01A306BC00091A507 /* Release */ = {
			isa = XCBuildConfiguration;
			buildSettings = {
				BUNDLE_LOADER = "$(TEST_HOST)";
				FRAMEWORK_SEARCH_PATHS = (
					"$(SDKROOT)/Developer/Library/Frameworks",
					"$(inherited)",
				);
				INFOPLIST_FILE = ShoeConverterTests/Info.plist;
				LD_RUNPATH_SEARCH_PATHS = "$(inherited) @executable_path/Frameworks @loader_path/Frameworks";
				PRODUCT_NAME = "$(TARGET_NAME)";
				TEST_HOST = "$(BUILT_PRODUCTS_DIR)/ShoeConverter.app/ShoeConverter";
			};
			name = Release;
		};
/* End XCBuildConfiguration section */

/* Begin XCConfigurationList section */
		608C2A771A306BBF0091A507 /* Build configuration list for PBXProject "ShoeConverter" */ = {
			isa = XCConfigurationList;
			buildConfigurations = (
				608C2A991A306BC00091A507 /* Debug */,
				608C2A9A1A306BC00091A507 /* Release */,
			);
			defaultConfigurationIsVisible = 0;
			defaultConfigurationName = Release;
		};
		608C2A9B1A306BC00091A507 /* Build configuration list for PBXNativeTarget "ShoeConverter" */ = {
			isa = XCConfigurationList;
			buildConfigurations = (
				608C2A9C1A306BC00091A507 /* Debug */,
				608C2A9D1A306BC00091A507 /* Release */,
			);
			defaultConfigurationIsVisible = 0;
		};
		608C2A9E1A306BC00091A507 /* Build configuration list for PBXNativeTarget "ShoeConverterTests" */ = {
			isa = XCConfigurationList;
			buildConfigurations = (
				608C2A9F1A306BC00091A507 /* Debug */,
				608C2AA01A306BC00091A507 /* Release */,
			);
			defaultConfigurationIsVisible = 0;
		};
/* End XCConfigurationList section */
	};
	rootObject = 608C2A741A306BBF0091A507 /* Project object */;
}
